
Microsoft Visual Studio Solution File, Format Version 12.00
# Visual Studio Version 17
VisualStudioVersion = 17.14.36327.8 d17.14
MinimumVisualStudioVersion = 10.0.40219.1
Project("{FAE04EC0-301F-11D3-BF4B-00C04F79EFBC}") = "leetCode_20", "leetCode_20.csproj", "{C13322D6-1F08-47E2-97D2-644555367A75}"
EndProject
Global
	GlobalSection(SolutionConfigurationPlatforms) = preSolution
		Debug|Any CPU = Debug|Any CPU
		Release|Any CPU = Release|Any CPU
	EndGlobalSection
	GlobalSection(ProjectConfigurationPlatforms) = postSolution
		{C13322D6-1F08-47E2-97D2-644555367A75}.Debug|Any CPU.ActiveCfg = Debug|Any CPU
		{C13322D6-1F08-47E2-97D2-644555367A75}.Debug|Any CPU.Build.0 = Debug|Any CPU
		{C13322D6-1F08-47E2-97D2-644555367A75}.Release|Any CPU.ActiveCfg = Release|Any CPU
		{C13322D6-1F08-47E2-97D2-644555367A75}.Release|Any CPU.Build.0 = Release|Any CPU
	EndGlobalSection
	GlobalSection(SolutionProperties) = preSolution
		HideSolutionNode = FALSE
	EndGlobalSection
	GlobalSection(ExtensibilityGlobals) = postSolution
		SolutionGuid = {0259353E-D991-4E1E-97D0-2B2A1BB5E4DF}
	EndGlobalSection
EndGlobal
