
Microsoft Visual Studio Solution File, Format Version 12.00
# Visual Studio Version 17
VisualStudioVersion = 17.14.36327.8 d17.14
MinimumVisualStudioVersion = 10.0.40219.1
Project("{FAE04EC0-301F-11D3-BF4B-00C04F79EFBC}") = "leetCode_26", "leetCode_26.csproj", "{EEA73C85-3D14-475F-B5B4-58E787086892}"
EndProject
Global
	GlobalSection(SolutionConfigurationPlatforms) = preSolution
		Debug|Any CPU = Debug|Any CPU
		Release|Any CPU = Release|Any CPU
	EndGlobalSection
	GlobalSection(ProjectConfigurationPlatforms) = postSolution
		{EEA73C85-3D14-475F-B5B4-58E787086892}.Debug|Any CPU.ActiveCfg = Debug|Any CPU
		{EEA73C85-3D14-475F-B5B4-58E787086892}.Debug|Any CPU.Build.0 = Debug|Any CPU
		{EEA73C85-3D14-475F-B5B4-58E787086892}.Release|Any CPU.ActiveCfg = Release|Any CPU
		{EEA73C85-3D14-475F-B5B4-58E787086892}.Release|Any CPU.Build.0 = Release|Any CPU
	EndGlobalSection
	GlobalSection(SolutionProperties) = preSolution
		HideSolutionNode = FALSE
	EndGlobalSection
	GlobalSection(ExtensibilityGlobals) = postSolution
		SolutionGuid = {676F2653-D4A2-4F3B-B583-999EE5A6B7FB}
	EndGlobalSection
EndGlobal
